# Generated by AI Companion extension. Do not edit manually.
version: 1
packages:
  cgk-planner:
    ref: Cegeka-Application-Services/ai-assets/agents/cgk-planner/CGK Planner.agent.md#CGK Planner@v1.0.0
    version: 1.0.0
    type: agent
    id: agents/cgk-planner
    is_virtual: true
    deployed_files:
      - .github/agents/cgk-planner.agent.md
    content_hash: ec9f3fbfed6a044621f064f99e835f067f54db6994dd17d4918e28dafe1895ae
    original_commit_sha: d91fef722d9aa56d322965a143b29ba20ab684d3
